
Microsoft Visual Studio Solution File, Format Version 12.00
# Visual Studio Version 16
VisualStudioVersion = 16.0.29324.140
MinimumVisualStudioVersion = 10.0.40219.1
Project("{FAE04EC0-301F-11D3-BF4B-00C04F79EFBC}") = "TIAPortalOpennessDemo", "TIAPortalOpennessDemo\TIAPortalOpennessDemo.csproj", "{42DEEC5C-294A-4DF6-88A5-47A1E8FEC7DF}"
EndProject
Project("{FAE04EC0-301F-11D3-BF4B-00C04F79EFBC}") = "TiaOpennessHelper", "TiaOpennessHelper\TiaOpennessHelper.csproj", "{9D4DD413-5B46-4212-8E2C-107D45B3CDBE}"
EndProject
Global
	GlobalSection(SolutionConfigurationPlatforms) = preSolution
		Debug|Any CPU = Debug|Any CPU
		Debug|x64 = Debug|x64
		Debug|x86 = Debug|x86
		Release|Any CPU = Release|Any CPU
		Release|x64 = Release|x64
		Release|x86 = Release|x86
	EndGlobalSection
	GlobalSection(ProjectConfigurationPlatforms) = postSolution
		{42DEEC5C-294A-4DF6-88A5-47A1E8FEC7DF}.Debug|Any CPU.ActiveCfg = Debug|Any CPU
		{42DEEC5C-294A-4DF6-88A5-47A1E8FEC7DF}.Debug|Any CPU.Build.0 = Debug|Any CPU
		{42DEEC5C-294A-4DF6-88A5-47A1E8FEC7DF}.Debug|x64.ActiveCfg = Debug|x64
		{42DEEC5C-294A-4DF6-88A5-47A1E8FEC7DF}.Debug|x64.Build.0 = Debug|x64
		{42DEEC5C-294A-4DF6-88A5-47A1E8FEC7DF}.Debug|x86.ActiveCfg = Debug|x86
		{42DEEC5C-294A-4DF6-88A5-47A1E8FEC7DF}.Debug|x86.Build.0 = Debug|x86
		{42DEEC5C-294A-4DF6-88A5-47A1E8FEC7DF}.Release|Any CPU.ActiveCfg = Release|Any CPU
		{42DEEC5C-294A-4DF6-88A5-47A1E8FEC7DF}.Release|Any CPU.Build.0 = Release|Any CPU
		{42DEEC5C-294A-4DF6-88A5-47A1E8FEC7DF}.Release|x64.ActiveCfg = Release|x64
		{42DEEC5C-294A-4DF6-88A5-47A1E8FEC7DF}.Release|x64.Build.0 = Release|x64
		{42DEEC5C-294A-4DF6-88A5-47A1E8FEC7DF}.Release|x86.ActiveCfg = Release|x64
		{42DEEC5C-294A-4DF6-88A5-47A1E8FEC7DF}.Release|x86.Build.0 = Release|x64
		{9D4DD413-5B46-4212-8E2C-107D45B3CDBE}.Debug|Any CPU.ActiveCfg = Debug|Any CPU
		{9D4DD413-5B46-4212-8E2C-107D45B3CDBE}.Debug|Any CPU.Build.0 = Debug|Any CPU
		{9D4DD413-5B46-4212-8E2C-107D45B3CDBE}.Debug|x64.ActiveCfg = Debug|x64
		{9D4DD413-5B46-4212-8E2C-107D45B3CDBE}.Debug|x64.Build.0 = Debug|x64
		{9D4DD413-5B46-4212-8E2C-107D45B3CDBE}.Debug|x86.ActiveCfg = Debug|x86
		{9D4DD413-5B46-4212-8E2C-107D45B3CDBE}.Debug|x86.Build.0 = Debug|x86
		{9D4DD413-5B46-4212-8E2C-107D45B3CDBE}.Release|Any CPU.ActiveCfg = Release|Any CPU
		{9D4DD413-5B46-4212-8E2C-107D45B3CDBE}.Release|Any CPU.Build.0 = Release|Any CPU
		{9D4DD413-5B46-4212-8E2C-107D45B3CDBE}.Release|x64.ActiveCfg = Release|x64
		{9D4DD413-5B46-4212-8E2C-107D45B3CDBE}.Release|x64.Build.0 = Release|x64
		{9D4DD413-5B46-4212-8E2C-107D45B3CDBE}.Release|x86.ActiveCfg = Release|x86
		{9D4DD413-5B46-4212-8E2C-107D45B3CDBE}.Release|x86.Build.0 = Release|x86
	EndGlobalSection
	GlobalSection(SolutionProperties) = preSolution
		HideSolutionNode = FALSE
	EndGlobalSection
	GlobalSection(ExtensibilityGlobals) = postSolution
		SolutionGuid = {9DA25624-E02F-43A8-A199-B21062F574A1}
	EndGlobalSection
EndGlobal
